// !$*UTF8*$!
{
	archiveVersion = 1;
	classes = {
	};
	objectVersion = 56;
	objects = {

/* Begin PBXBuildFile section */
		09CD2B7A4258EB66F46526BE /* Pods_RxSwiftNetworkTest_RxSwiftNetworkTestUITests.framework in Frameworks */ = {isa = PBXBuildFile; fileRef = AC39BD3641546DD3AF507B4E /* Pods_RxSwiftNetworkTest_RxSwiftNetworkTestUITests.framework */; };
		2D692CE0520CCEE3EEF888AA /* Pods_RxSwiftNetworkTestTests.framework in Frameworks */ = {isa = PBXBuildFile; fileRef = D69120C529A7AC5648AF3B66 /* Pods_RxSwiftNetworkTestTests.framework */; };
		3241939B6915DFC3F7AD8F66 /* Pods_RxSwiftNetworkTest.framework in Frameworks */ = {isa = PBXBuildFile; fileRef = 92D4DF8972CED9AB5B219A8F /* Pods_RxSwiftNetworkTest.framework */; };
		B52DE1762C3283B900450C00 /* AppDelegate.swift in Sources */ = {isa = PBXBuildFile; fileRef = B52DE1752C3283B900450C00 /* AppDelegate.swift */; };
		B52DE1782C3283B900450C00 /* SceneDelegate.swift in Sources */ = {isa = PBXBuildFile; fileRef = B52DE1772C3283B900450C00 /* SceneDelegate.swift */; };
		B52DE17A2C3283B900450C00 /* ViewController.swift in Sources */ = {isa = PBXBuildFile; fileRef = B52DE1792C3283B900450C00 /* ViewController.swift */; };
		B52DE17D2C3283B900450C00 /* Main.storyboard in Resources */ = {isa = PBXBuildFile; fileRef = B52DE17B2C3283B900450C00 /* Main.storyboard */; };
		B52DE17F2C3283BD00450C00 /* Assets.xcassets in Resources */ = {isa = PBXBuildFile; fileRef = B52DE17E2C3283BD00450C00 /* Assets.xcassets */; };
		B52DE1822C3283BD00450C00 /* LaunchScreen.storyboard in Resources */ = {isa = PBXBuildFile; fileRef = B52DE1802C3283BD00450C00 /* LaunchScreen.storyboard */; };
		B52DE18D2C3283BD00450C00 /* RxSwiftNetworkTestTests.swift in Sources */ = {isa = PBXBuildFile; fileRef = B52DE18C2C3283BD00450C00 /* RxSwiftNetworkTestTests.swift */; };
		B52DE1972C3283BD00450C00 /* RxSwiftNetworkTestUITests.swift in Sources */ = {isa = PBXBuildFile; fileRef = B52DE1962C3283BD00450C00 /* RxSwiftNetworkTestUITests.swift */; };
		B52DE1992C3283BD00450C00 /* RxSwiftNetworkTestUITestsLaunchTests.swift in Sources */ = {isa = PBXBuildFile; fileRef = B52DE1982C3283BD00450C00 /* RxSwiftNetworkTestUITestsLaunchTests.swift */; };
		B52DE1A62C32873700450C00 /* TableViewCell.swift in Sources */ = {isa = PBXBuildFile; fileRef = B52DE1A52C32873700450C00 /* TableViewCell.swift */; };
		B52DE1A82C328E8800450C00 /* DataModel.swift in Sources */ = {isa = PBXBuildFile; fileRef = B52DE1A72C328E8800450C00 /* DataModel.swift */; };
/* End PBXBuildFile section */

/* Begin PBXContainerItemProxy section */
		B52DE1892C3283BD00450C00 /* PBXContainerItemProxy */ = {
			isa = PBXContainerItemProxy;
			containerPortal = B52DE16A2C3283B900450C00 /* Project object */;
			proxyType = 1;
			remoteGlobalIDString = B52DE1712C3283B900450C00;
			remoteInfo = RxSwiftNetworkTest;
		};
		B52DE1932C3283BD00450C00 /* PBXContainerItemProxy */ = {
			isa = PBXContainerItemProxy;
			containerPortal = B52DE16A2C3283B900450C00 /* Project object */;
			proxyType = 1;
			remoteGlobalIDString = B52DE1712C3283B900450C00;
			remoteInfo = RxSwiftNetworkTest;
		};
/* End PBXContainerItemProxy section */

/* Begin PBXFileReference section */
		0272618041FA2EBA9D85733C /* Pods-RxSwiftNetworkTest.release.xcconfig */ = {isa = PBXFileReference; includeInIndex = 1; lastKnownFileType = text.xcconfig; name = "Pods-RxSwiftNetworkTest.release.xcconfig"; path = "Target Support Files/Pods-RxSwiftNetworkTest/Pods-RxSwiftNetworkTest.release.xcconfig"; sourceTree = "<group>"; };
		2BEBBA09F6425D876A7AFA5C /* Pods-RxSwiftNetworkTest.debug.xcconfig */ = {isa = PBXFileReference; includeInIndex = 1; lastKnownFileType = text.xcconfig; name = "Pods-RxSwiftNetworkTest.debug.xcconfig"; path = "Target Support Files/Pods-RxSwiftNetworkTest/Pods-RxSwiftNetworkTest.debug.xcconfig"; sourceTree = "<group>"; };
		2DEFBC1F460C96AB9796ABAE /* Pods-RxSwiftNetworkTest-RxSwiftNetworkTestUITests.debug.xcconfig */ = {isa = PBXFileReference; includeInIndex = 1; lastKnownFileType = text.xcconfig; name = "Pods-RxSwiftNetworkTest-RxSwiftNetworkTestUITests.debug.xcconfig"; path = "Target Support Files/Pods-RxSwiftNetworkTest-RxSwiftNetworkTestUITests/Pods-RxSwiftNetworkTest-RxSwiftNetworkTestUITests.debug.xcconfig"; sourceTree = "<group>"; };
		634E99E12561C6C29AC3DC31 /* Pods-RxSwiftNetworkTestTests.release.xcconfig */ = {isa = PBXFileReference; includeInIndex = 1; lastKnownFileType = text.xcconfig; name = "Pods-RxSwiftNetworkTestTests.release.xcconfig"; path = "Target Support Files/Pods-RxSwiftNetworkTestTests/Pods-RxSwiftNetworkTestTests.release.xcconfig"; sourceTree = "<group>"; };
		8198C7C51EE1D634D196B6EA /* Pods-RxSwiftNetworkTestTests.debug.xcconfig */ = {isa = PBXFileReference; includeInIndex = 1; lastKnownFileType = text.xcconfig; name = "Pods-RxSwiftNetworkTestTests.debug.xcconfig"; path = "Target Support Files/Pods-RxSwiftNetworkTestTests/Pods-RxSwiftNetworkTestTests.debug.xcconfig"; sourceTree = "<group>"; };
		92D4DF8972CED9AB5B219A8F /* Pods_RxSwiftNetworkTest.framework */ = {isa = PBXFileReference; explicitFileType = wrapper.framework; includeInIndex = 0; path = Pods_RxSwiftNetworkTest.framework; sourceTree = BUILT_PRODUCTS_DIR; };
		AC39BD3641546DD3AF507B4E /* Pods_RxSwiftNetworkTest_RxSwiftNetworkTestUITests.framework */ = {isa = PBXFileReference; explicitFileType = wrapper.framework; includeInIndex = 0; path = Pods_RxSwiftNetworkTest_RxSwiftNetworkTestUITests.framework; sourceTree = BUILT_PRODUCTS_DIR; };
		AFD41067D00843B82887D774 /* Pods-RxSwiftNetworkTest-RxSwiftNetworkTestUITests.release.xcconfig */ = {isa = PBXFileReference; includeInIndex = 1; lastKnownFileType = text.xcconfig; name = "Pods-RxSwiftNetworkTest-RxSwiftNetworkTestUITests.release.xcconfig"; path = "Target Support Files/Pods-RxSwiftNetworkTest-RxSwiftNetworkTestUITests/Pods-RxSwiftNetworkTest-RxSwiftNetworkTestUITests.release.xcconfig"; sourceTree = "<group>"; };
		B52DE1722C3283B900450C00 /* RxSwiftNetworkTest.app */ = {isa = PBXFileReference; explicitFileType = wrapper.application; includeInIndex = 0; path = RxSwiftNetworkTest.app; sourceTree = BUILT_PRODUCTS_DIR; };
		B52DE1752C3283B900450C00 /* AppDelegate.swift */ = {isa = PBXFileReference; lastKnownFileType = sourcecode.swift; path = AppDelegate.swift; sourceTree = "<group>"; };
		B52DE1772C3283B900450C00 /* SceneDelegate.swift */ = {isa = PBXFileReference; lastKnownFileType = sourcecode.swift; path = SceneDelegate.swift; sourceTree = "<group>"; };
		B52DE1792C3283B900450C00 /* ViewController.swift */ = {isa = PBXFileReference; lastKnownFileType = sourcecode.swift; path = ViewController.swift; sourceTree = "<group>"; };
		B52DE17C2C3283B900450C00 /* Base */ = {isa = PBXFileReference; lastKnownFileType = file.storyboard; name = Base; path = Base.lproj/Main.storyboard; sourceTree = "<group>"; };
		B52DE17E2C3283BD00450C00 /* Assets.xcassets */ = {isa = PBXFileReference; lastKnownFileType = folder.assetcatalog; path = Assets.xcassets; sourceTree = "<group>"; };
		B52DE1812C3283BD00450C00 /* Base */ = {isa = PBXFileReference; lastKnownFileType = file.storyboard; name = Base; path = Base.lproj/LaunchScreen.storyboard; sourceTree = "<group>"; };
		B52DE1832C3283BD00450C00 /* Info.plist */ = {isa = PBXFileReference; lastKnownFileType = text.plist.xml; path = Info.plist; sourceTree = "<group>"; };
		B52DE1882C3283BD00450C00 /* RxSwiftNetworkTestTests.xctest */ = {isa = PBXFileReference; explicitFileType = wrapper.cfbundle; includeInIndex = 0; path = RxSwiftNetworkTestTests.xctest; sourceTree = BUILT_PRODUCTS_DIR; };
		B52DE18C2C3283BD00450C00 /* RxSwiftNetworkTestTests.swift */ = {isa = PBXFileReference; lastKnownFileType = sourcecode.swift; path = RxSwiftNetworkTestTests.swift; sourceTree = "<group>"; };
		B52DE1922C3283BD00450C00 /* RxSwiftNetworkTestUITests.xctest */ = {isa = PBXFileReference; explicitFileType = wrapper.cfbundle; includeInIndex = 0; path = RxSwiftNetworkTestUITests.xctest; sourceTree = BUILT_PRODUCTS_DIR; };
		B52DE1962C3283BD00450C00 /* RxSwiftNetworkTestUITests.swift */ = {isa = PBXFileReference; lastKnownFileType = sourcecode.swift; path = RxSwiftNetworkTestUITests.swift; sourceTree = "<group>"; };
		B52DE1982C3283BD00450C00 /* RxSwiftNetworkTestUITestsLaunchTests.swift */ = {isa = PBXFileReference; lastKnownFileType = sourcecode.swift; path = RxSwiftNetworkTestUITestsLaunchTests.swift; sourceTree = "<group>"; };
		B52DE1A52C32873700450C00 /* TableViewCell.swift */ = {isa = PBXFileReference; lastKnownFileType = sourcecode.swift; path = TableViewCell.swift; sourceTree = "<group>"; };
		B52DE1A72C328E8800450C00 /* DataModel.swift */ = {isa = PBXFileReference; lastKnownFileType = sourcecode.swift; path = DataModel.swift; sourceTree = "<group>"; };
		D69120C529A7AC5648AF3B66 /* Pods_RxSwiftNetworkTestTests.framework */ = {isa = PBXFileReference; explicitFileType = wrapper.framework; includeInIndex = 0; path = Pods_RxSwiftNetworkTestTests.framework; sourceTree = BUILT_PRODUCTS_DIR; };
/* End PBXFileReference section */

/* Begin PBXFrameworksBuildPhase section */
		B52DE16F2C3283B900450C00 /* Frameworks */ = {
			isa = PBXFrameworksBuildPhase;
			buildActionMask = 2147483647;
			files = (
				3241939B6915DFC3F7AD8F66 /* Pods_RxSwiftNetworkTest.framework in Frameworks */,
			);
			runOnlyForDeploymentPostprocessing = 0;
		};
		B52DE1852C3283BD00450C00 /* Frameworks */ = {
			isa = PBXFrameworksBuildPhase;
			buildActionMask = 2147483647;
			files = (
				2D692CE0520CCEE3EEF888AA /* Pods_RxSwiftNetworkTestTests.framework in Frameworks */,
			);
			runOnlyForDeploymentPostprocessing = 0;
		};
		B52DE18F2C3283BD00450C00 /* Frameworks */ = {
			isa = PBXFrameworksBuildPhase;
			buildActionMask = 2147483647;
			files = (
				09CD2B7A4258EB66F46526BE /* Pods_RxSwiftNetworkTest_RxSwiftNetworkTestUITests.framework in Frameworks */,
			);
			runOnlyForDeploymentPostprocessing = 0;
		};
/* End PBXFrameworksBuildPhase section */

/* Begin PBXGroup section */
		4A21571B0C1F5F96E059AD2F /* Frameworks */ = {
			isa = PBXGroup;
			children = (
				92D4DF8972CED9AB5B219A8F /* Pods_RxSwiftNetworkTest.framework */,
				AC39BD3641546DD3AF507B4E /* Pods_RxSwiftNetworkTest_RxSwiftNetworkTestUITests.framework */,
				D69120C529A7AC5648AF3B66 /* Pods_RxSwiftNetworkTestTests.framework */,
			);
			name = Frameworks;
			sourceTree = "<group>";
		};
		976EBF235395A1E35DDEBB46 /* Pods */ = {
			isa = PBXGroup;
			children = (
				2BEBBA09F6425D876A7AFA5C /* Pods-RxSwiftNetworkTest.debug.xcconfig */,
				0272618041FA2EBA9D85733C /* Pods-RxSwiftNetworkTest.release.xcconfig */,
				2DEFBC1F460C96AB9796ABAE /* Pods-RxSwiftNetworkTest-RxSwiftNetworkTestUITests.debug.xcconfig */,
				AFD41067D00843B82887D774 /* Pods-RxSwiftNetworkTest-RxSwiftNetworkTestUITests.release.xcconfig */,
				8198C7C51EE1D634D196B6EA /* Pods-RxSwiftNetworkTestTests.debug.xcconfig */,
				634E99E12561C6C29AC3DC31 /* Pods-RxSwiftNetworkTestTests.release.xcconfig */,
			);
			path = Pods;
			sourceTree = "<group>";
		};
		B52DE1692C3283B900450C00 = {
			isa = PBXGroup;
			children = (
				B52DE1742C3283B900450C00 /* RxSwiftNetworkTest */,
				B52DE18B2C3283BD00450C00 /* RxSwiftNetworkTestTests */,
				B52DE1952C3283BD00450C00 /* RxSwiftNetworkTestUITests */,
				B52DE1732C3283B900450C00 /* Products */,
				976EBF235395A1E35DDEBB46 /* Pods */,
				4A21571B0C1F5F96E059AD2F /* Frameworks */,
			);
			sourceTree = "<group>";
		};
		B52DE1732C3283B900450C00 /* Products */ = {
			isa = PBXGroup;
			children = (
				B52DE1722C3283B900450C00 /* RxSwiftNetworkTest.app */,
				B52DE1882C3283BD00450C00 /* RxSwiftNetworkTestTests.xctest */,
				B52DE1922C3283BD00450C00 /* RxSwiftNetworkTestUITests.xctest */,
			);
			name = Products;
			sourceTree = "<group>";
		};
		B52DE1742C3283B900450C00 /* RxSwiftNetworkTest */ = {
			isa = PBXGroup;
			children = (
				B52DE1752C3283B900450C00 /* AppDelegate.swift */,
				B52DE1772C3283B900450C00 /* SceneDelegate.swift */,
				B52DE1792C3283B900450C00 /* ViewController.swift */,
				B52DE17B2C3283B900450C00 /* Main.storyboard */,
				B52DE17E2C3283BD00450C00 /* Assets.xcassets */,
				B52DE1802C3283BD00450C00 /* LaunchScreen.storyboard */,
				B52DE1832C3283BD00450C00 /* Info.plist */,
				B52DE1A52C32873700450C00 /* TableViewCell.swift */,
				B52DE1A72C328E8800450C00 /* DataModel.swift */,
			);
			path = RxSwiftNetworkTest;
			sourceTree = "<group>";
		};
		B52DE18B2C3283BD00450C00 /* RxSwiftNetworkTestTests */ = {
			isa = PBXGroup;
			children = (
				B52DE18C2C3283BD00450C00 /* RxSwiftNetworkTestTests.swift */,
			);
			path = RxSwiftNetworkTestTests;
			sourceTree = "<group>";
		};
		B52DE1952C3283BD00450C00 /* RxSwiftNetworkTestUITests */ = {
			isa = PBXGroup;
			children = (
				B52DE1962C3283BD00450C00 /* RxSwiftNetworkTestUITests.swift */,
				B52DE1982C3283BD00450C00 /* RxSwiftNetworkTestUITestsLaunchTests.swift */,
			);
			path = RxSwiftNetworkTestUITests;
			sourceTree = "<group>";
		};
/* End PBXGroup section */

/* Begin PBXNativeTarget section */
		B52DE1712C3283B900450C00 /* RxSwiftNetworkTest */ = {
			isa = PBXNativeTarget;
			buildConfigurationList = B52DE19C2C3283BD00450C00 /* Build configuration list for PBXNativeTarget "RxSwiftNetworkTest" */;
			buildPhases = (
				221893492E328DCF032D99CE /* [CP] Check Pods Manifest.lock */,
				B52DE16E2C3283B900450C00 /* Sources */,
				B52DE16F2C3283B900450C00 /* Frameworks */,
				B52DE1702C3283B900450C00 /* Resources */,
				DBFB8B5B0ABCFD0ACCF2ED27 /* [CP] Embed Pods Frameworks */,
			);
			buildRules = (
			);
			dependencies = (
			);
			name = RxSwiftNetworkTest;
			productName = RxSwiftNetworkTest;
			productReference = B52DE1722C3283B900450C00 /* RxSwiftNetworkTest.app */;
			productType = "com.apple.product-type.application";
		};
		B52DE1872C3283BD00450C00 /* RxSwiftNetworkTestTests */ = {
			isa = PBXNativeTarget;
			buildConfigurationList = B52DE19F2C3283BD00450C00 /* Build configuration list for PBXNativeTarget "RxSwiftNetworkTestTests" */;
			buildPhases = (
				035F6164F970793CB5C9633C /* [CP] Check Pods Manifest.lock */,
				B52DE1842C3283BD00450C00 /* Sources */,
				B52DE1852C3283BD00450C00 /* Frameworks */,
				B52DE1862C3283BD00450C00 /* Resources */,
			);
			buildRules = (
			);
			dependencies = (
				B52DE18A2C3283BD00450C00 /* PBXTargetDependency */,
			);
			name = RxSwiftNetworkTestTests;
			productName = RxSwiftNetworkTestTests;
			productReference = B52DE1882C3283BD00450C00 /* RxSwiftNetworkTestTests.xctest */;
			productType = "com.apple.product-type.bundle.unit-test";
		};
		B52DE1912C3283BD00450C00 /* RxSwiftNetworkTestUITests */ = {
			isa = PBXNativeTarget;
			buildConfigurationList = B52DE1A22C3283BD00450C00 /* Build configuration list for PBXNativeTarget "RxSwiftNetworkTestUITests" */;
			buildPhases = (
				A87A8C762BEB27206C5C0440 /* [CP] Check Pods Manifest.lock */,
				B52DE18E2C3283BD00450C00 /* Sources */,
				B52DE18F2C3283BD00450C00 /* Frameworks */,
				B52DE1902C3283BD00450C00 /* Resources */,
				C074270FF954DD195A1FA1AC /* [CP] Embed Pods Frameworks */,
			);
			buildRules = (
			);
			dependencies = (
				B52DE1942C3283BD00450C00 /* PBXTargetDependency */,
			);
			name = RxSwiftNetworkTestUITests;
			productName = RxSwiftNetworkTestUITests;
			productReference = B52DE1922C3283BD00450C00 /* RxSwiftNetworkTestUITests.xctest */;
			productType = "com.apple.product-type.bundle.ui-testing";
		};
/* End PBXNativeTarget section */

/* Begin PBXProject section */
		B52DE16A2C3283B900450C00 /* Project object */ = {
			isa = PBXProject;
			attributes = {
				BuildIndependentTargetsInParallel = 1;
				LastSwiftUpdateCheck = 1520;
				LastUpgradeCheck = 1520;
				TargetAttributes = {
					B52DE1712C3283B900450C00 = {
						CreatedOnToolsVersion = 15.2;
					};
					B52DE1872C3283BD00450C00 = {
						CreatedOnToolsVersion = 15.2;
						TestTargetID = B52DE1712C3283B900450C00;
					};
					B52DE1912C3283BD00450C00 = {
						CreatedOnToolsVersion = 15.2;
						TestTargetID = B52DE1712C3283B900450C00;
					};
				};
			};
			buildConfigurationList = B52DE16D2C3283B900450C00 /* Build configuration list for PBXProject "RxSwiftNetworkTest" */;
			compatibilityVersion = "Xcode 14.0";
			developmentRegion = en;
			hasScannedForEncodings = 0;
			knownRegions = (
				en,
				Base,
			);
			mainGroup = B52DE1692C3283B900450C00;
			productRefGroup = B52DE1732C3283B900450C00 /* Products */;
			projectDirPath = "";
			projectRoot = "";
			targets = (
				B52DE1712C3283B900450C00 /* RxSwiftNetworkTest */,
				B52DE1872C3283BD00450C00 /* RxSwiftNetworkTestTests */,
				B52DE1912C3283BD00450C00 /* RxSwiftNetworkTestUITests */,
			);
		};
/* End PBXProject section */

/* Begin PBXResourcesBuildPhase section */
		B52DE1702C3283B900450C00 /* Resources */ = {
			isa = PBXResourcesBuildPhase;
			buildActionMask = 2147483647;
			files = (
				B52DE1822C3283BD00450C00 /* LaunchScreen.storyboard in Resources */,
				B52DE17F2C3283BD00450C00 /* Assets.xcassets in Resources */,
				B52DE17D2C3283B900450C00 /* Main.storyboard in Resources */,
			);
			runOnlyForDeploymentPostprocessing = 0;
		};
		B52DE1862C3283BD00450C00 /* Resources */ = {
			isa = PBXResourcesBuildPhase;
			buildActionMask = 2147483647;
			files = (
			);
			runOnlyForDeploymentPostprocessing = 0;
		};
		B52DE1902C3283BD00450C00 /* Resources */ = {
			isa = PBXResourcesBuildPhase;
			buildActionMask = 2147483647;
			files = (
			);
			runOnlyForDeploymentPostprocessing = 0;
		};
/* End PBXResourcesBuildPhase section */

/* Begin PBXShellScriptBuildPhase section */
		035F6164F970793CB5C9633C /* [CP] Check Pods Manifest.lock */ = {
			isa = PBXShellScriptBuildPhase;
			buildActionMask = 2147483647;
			files = (
			);
			inputFileListPaths = (
			);
			inputPaths = (
				"${PODS_PODFILE_DIR_PATH}/Podfile.lock",
				"${PODS_ROOT}/Manifest.lock",
			);
			name = "[CP] Check Pods Manifest.lock";
			outputFileListPaths = (
			);
			outputPaths = (
				"$(DERIVED_FILE_DIR)/Pods-RxSwiftNetworkTestTests-checkManifestLockResult.txt",
			);
			runOnlyForDeploymentPostprocessing = 0;
			shellPath = /bin/sh;
			shellScript = "diff \"${PODS_PODFILE_DIR_PATH}/Podfile.lock\" \"${PODS_ROOT}/Manifest.lock\" > /dev/null\nif [ $? != 0 ] ; then\n    # print error to STDERR\n    echo \"error: The sandbox is not in sync with the Podfile.lock. Run 'pod install' or update your CocoaPods installation.\" >&2\n    exit 1\nfi\n# This output is used by Xcode 'outputs' to avoid re-running this script phase.\necho \"SUCCESS\" > \"${SCRIPT_OUTPUT_FILE_0}\"\n";
			showEnvVarsInLog = 0;
		};
		221893492E328DCF032D99CE /* [CP] Check Pods Manifest.lock */ = {
			isa = PBXShellScriptBuildPhase;
			buildActionMask = 2147483647;
			files = (
			);
			inputFileListPaths = (
			);
			inputPaths = (
				"${PODS_PODFILE_DIR_PATH}/Podfile.lock",
				"${PODS_ROOT}/Manifest.lock",
			);
			name = "[CP] Check Pods Manifest.lock";
			outputFileListPaths = (
			);
			outputPaths = (
				"$(DERIVED_FILE_DIR)/Pods-RxSwiftNetworkTest-checkManifestLockResult.txt",
			);
			runOnlyForDeploymentPostprocessing = 0;
			shellPath = /bin/sh;
			shellScript = "diff \"${PODS_PODFILE_DIR_PATH}/Podfile.lock\" \"${PODS_ROOT}/Manifest.lock\" > /dev/null\nif [ $? != 0 ] ; then\n    # print error to STDERR\n    echo \"error: The sandbox is not in sync with the Podfile.lock. Run 'pod install' or update your CocoaPods installation.\" >&2\n    exit 1\nfi\n# This output is used by Xcode 'outputs' to avoid re-running this script phase.\necho \"SUCCESS\" > \"${SCRIPT_OUTPUT_FILE_0}\"\n";
			showEnvVarsInLog = 0;
		};
		A87A8C762BEB27206C5C0440 /* [CP] Check Pods Manifest.lock */ = {
			isa = PBXShellScriptBuildPhase;
			buildActionMask = 2147483647;
			files = (
			);
			inputFileListPaths = (
			);
			inputPaths = (
				"${PODS_PODFILE_DIR_PATH}/Podfile.lock",
				"${PODS_ROOT}/Manifest.lock",
			);
			name = "[CP] Check Pods Manifest.lock";
			outputFileListPaths = (
			);
			outputPaths = (
				"$(DERIVED_FILE_DIR)/Pods-RxSwiftNetworkTest-RxSwiftNetworkTestUITests-checkManifestLockResult.txt",
			);
			runOnlyForDeploymentPostprocessing = 0;
			shellPath = /bin/sh;
			shellScript = "diff \"${PODS_PODFILE_DIR_PATH}/Podfile.lock\" \"${PODS_ROOT}/Manifest.lock\" > /dev/null\nif [ $? != 0 ] ; then\n    # print error to STDERR\n    echo \"error: The sandbox is not in sync with the Podfile.lock. Run 'pod install' or update your CocoaPods installation.\" >&2\n    exit 1\nfi\n# This output is used by Xcode 'outputs' to avoid re-running this script phase.\necho \"SUCCESS\" > \"${SCRIPT_OUTPUT_FILE_0}\"\n";
			showEnvVarsInLog = 0;
		};
		C074270FF954DD195A1FA1AC /* [CP] Embed Pods Frameworks */ = {
			isa = PBXShellScriptBuildPhase;
			buildActionMask = 2147483647;
			files = (
			);
			inputFileListPaths = (
				"${PODS_ROOT}/Target Support Files/Pods-RxSwiftNetworkTest-RxSwiftNetworkTestUITests/Pods-RxSwiftNetworkTest-RxSwiftNetworkTestUITests-frameworks-${CONFIGURATION}-input-files.xcfilelist",
			);
			name = "[CP] Embed Pods Frameworks";
			outputFileListPaths = (
				"${PODS_ROOT}/Target Support Files/Pods-RxSwiftNetworkTest-RxSwiftNetworkTestUITests/Pods-RxSwiftNetworkTest-RxSwiftNetworkTestUITests-frameworks-${CONFIGURATION}-output-files.xcfilelist",
			);
			runOnlyForDeploymentPostprocessing = 0;
			shellPath = /bin/sh;
			shellScript = "\"${PODS_ROOT}/Target Support Files/Pods-RxSwiftNetworkTest-RxSwiftNetworkTestUITests/Pods-RxSwiftNetworkTest-RxSwiftNetworkTestUITests-frameworks.sh\"\n";
			showEnvVarsInLog = 0;
		};
		DBFB8B5B0ABCFD0ACCF2ED27 /* [CP] Embed Pods Frameworks */ = {
			isa = PBXShellScriptBuildPhase;
			buildActionMask = 2147483647;
			files = (
			);
			inputFileListPaths = (
				"${PODS_ROOT}/Target Support Files/Pods-RxSwiftNetworkTest/Pods-RxSwiftNetworkTest-frameworks-${CONFIGURATION}-input-files.xcfilelist",
			);
			name = "[CP] Embed Pods Frameworks";
			outputFileListPaths = (
				"${PODS_ROOT}/Target Support Files/Pods-RxSwiftNetworkTest/Pods-RxSwiftNetworkTest-frameworks-${CONFIGURATION}-output-files.xcfilelist",
			);
			runOnlyForDeploymentPostprocessing = 0;
			shellPath = /bin/sh;
			shellScript = "\"${PODS_ROOT}/Target Support Files/Pods-RxSwiftNetworkTest/Pods-RxSwiftNetworkTest-frameworks.sh\"\n";
			showEnvVarsInLog = 0;
		};
/* End PBXShellScriptBuildPhase section */

/* Begin PBXSourcesBuildPhase section */
		B52DE16E2C3283B900450C00 /* Sources */ = {
			isa = PBXSourcesBuildPhase;
			buildActionMask = 2147483647;
			files = (
				B52DE1A82C328E8800450C00 /* DataModel.swift in Sources */,
				B52DE17A2C3283B900450C00 /* ViewController.swift in Sources */,
				B52DE1A62C32873700450C00 /* TableViewCell.swift in Sources */,
				B52DE1762C3283B900450C00 /* AppDelegate.swift in Sources */,
				B52DE1782C3283B900450C00 /* SceneDelegate.swift in Sources */,
			);
			runOnlyForDeploymentPostprocessing = 0;
		};
		B52DE1842C3283BD00450C00 /* Sources */ = {
			isa = PBXSourcesBuildPhase;
			buildActionMask = 2147483647;
			files = (
				B52DE18D2C3283BD00450C00 /* RxSwiftNetworkTestTests.swift in Sources */,
			);
			runOnlyForDeploymentPostprocessing = 0;
		};
		B52DE18E2C3283BD00450C00 /* Sources */ = {
			isa = PBXSourcesBuildPhase;
			buildActionMask = 2147483647;
			files = (
				B52DE1972C3283BD00450C00 /* RxSwiftNetworkTestUITests.swift in Sources */,
				B52DE1992C3283BD00450C00 /* RxSwiftNetworkTestUITestsLaunchTests.swift in Sources */,
			);
			runOnlyForDeploymentPostprocessing = 0;
		};
/* End PBXSourcesBuildPhase section */

/* Begin PBXTargetDependency section */
		B52DE18A2C3283BD00450C00 /* PBXTargetDependency */ = {
			isa = PBXTargetDependency;
			target = B52DE1712C3283B900450C00 /* RxSwiftNetworkTest */;
			targetProxy = B52DE1892C3283BD00450C00 /* PBXContainerItemProxy */;
		};
		B52DE1942C3283BD00450C00 /* PBXTargetDependency */ = {
			isa = PBXTargetDependency;
			target = B52DE1712C3283B900450C00 /* RxSwiftNetworkTest */;
			targetProxy = B52DE1932C3283BD00450C00 /* PBXContainerItemProxy */;
		};
/* End PBXTargetDependency section */

/* Begin PBXVariantGroup section */
		B52DE17B2C3283B900450C00 /* Main.storyboard */ = {
			isa = PBXVariantGroup;
			children = (
				B52DE17C2C3283B900450C00 /* Base */,
			);
			name = Main.storyboard;
			sourceTree = "<group>";
		};
		B52DE1802C3283BD00450C00 /* LaunchScreen.storyboard */ = {
			isa = PBXVariantGroup;
			children = (
				B52DE1812C3283BD00450C00 /* Base */,
			);
			name = LaunchScreen.storyboard;
			sourceTree = "<group>";
		};
/* End PBXVariantGroup section */

/* Begin XCBuildConfiguration section */
		B52DE19A2C3283BD00450C00 /* Debug */ = {
			isa = XCBuildConfiguration;
			buildSettings = {
				ALWAYS_SEARCH_USER_PATHS = NO;
				ASSETCATALOG_COMPILER_GENERATE_SWIFT_ASSET_SYMBOL_EXTENSIONS = YES;
				CLANG_ANALYZER_NONNULL = YES;
				CLANG_ANALYZER_NUMBER_OBJECT_CONVERSION = YES_AGGRESSIVE;
				CLANG_CXX_LANGUAGE_STANDARD = "gnu++20";
				CLANG_ENABLE_MODULES = YES;
				CLANG_ENABLE_OBJC_ARC = YES;
				CLANG_ENABLE_OBJC_WEAK = YES;
				CLANG_WARN_BLOCK_CAPTURE_AUTORELEASING = YES;
				CLANG_WARN_BOOL_CONVERSION = YES;
				CLANG_WARN_COMMA = YES;
				CLANG_WARN_CONSTANT_CONVERSION = YES;
				CLANG_WARN_DEPRECATED_OBJC_IMPLEMENTATIONS = YES;
				CLANG_WARN_DIRECT_OBJC_ISA_USAGE = YES_ERROR;
				CLANG_WARN_DOCUMENTATION_COMMENTS = YES;
				CLANG_WARN_EMPTY_BODY = YES;
				CLANG_WARN_ENUM_CONVERSION = YES;
				CLANG_WARN_INFINITE_RECURSION = YES;
				CLANG_WARN_INT_CONVERSION = YES;
				CLANG_WARN_NON_LITERAL_NULL_CONVERSION = YES;
				CLANG_WARN_OBJC_IMPLICIT_RETAIN_SELF = YES;
				CLANG_WARN_OBJC_LITERAL_CONVERSION = YES;
				CLANG_WARN_OBJC_ROOT_CLASS = YES_ERROR;
				CLANG_WARN_QUOTED_INCLUDE_IN_FRAMEWORK_HEADER = YES;
				CLANG_WARN_RANGE_LOOP_ANALYSIS = YES;
				CLANG_WARN_STRICT_PROTOTYPES = YES;
				CLANG_WARN_SUSPICIOUS_MOVE = YES;
				CLANG_WARN_UNGUARDED_AVAILABILITY = YES_AGGRESSIVE;
				CLANG_WARN_UNREACHABLE_CODE = YES;
				CLANG_WARN__DUPLICATE_METHOD_MATCH = YES;
				COPY_PHASE_STRIP = NO;
				DEBUG_INFORMATION_FORMAT = dwarf;
				ENABLE_STRICT_OBJC_MSGSEND = YES;
				ENABLE_TESTABILITY = YES;
				ENABLE_USER_SCRIPT_SANDBOXING = NO;
				GCC_C_LANGUAGE_STANDARD = gnu17;
				GCC_DYNAMIC_NO_PIC = NO;
				GCC_NO_COMMON_BLOCKS = YES;
				GCC_OPTIMIZATION_LEVEL = 0;
				GCC_PREPROCESSOR_DEFINITIONS = (
					"DEBUG=1",
					"$(inherited)",
				);
				GCC_WARN_64_TO_32_BIT_CONVERSION = YES;
				GCC_WARN_ABOUT_RETURN_TYPE = YES_ERROR;
				GCC_WARN_UNDECLARED_SELECTOR = YES;
				GCC_WARN_UNINITIALIZED_AUTOS = YES_AGGRESSIVE;
				GCC_WARN_UNUSED_FUNCTION = YES;
				GCC_WARN_UNUSED_VARIABLE = YES;
				IPHONEOS_DEPLOYMENT_TARGET = 17.2;
				LOCALIZATION_PREFERS_STRING_CATALOGS = YES;
				MTL_ENABLE_DEBUG_INFO = INCLUDE_SOURCE;
				MTL_FAST_MATH = YES;
				ONLY_ACTIVE_ARCH = YES;
				SDKROOT = iphoneos;
				SWIFT_ACTIVE_COMPILATION_CONDITIONS = "DEBUG $(inherited)";
				SWIFT_OPTIMIZATION_LEVEL = "-Onone";
			};
			name = Debug;
		};
		B52DE19B2C3283BD00450C00 /* Release */ = {
			isa = XCBuildConfiguration;
			buildSettings = {
				ALWAYS_SEARCH_USER_PATHS = NO;
				ASSETCATALOG_COMPILER_GENERATE_SWIFT_ASSET_SYMBOL_EXTENSIONS = YES;
				CLANG_ANALYZER_NONNULL = YES;
				CLANG_ANALYZER_NUMBER_OBJECT_CONVERSION = YES_AGGRESSIVE;
				CLANG_CXX_LANGUAGE_STANDARD = "gnu++20";
				CLANG_ENABLE_MODULES = YES;
				CLANG_ENABLE_OBJC_ARC = YES;
				CLANG_ENABLE_OBJC_WEAK = YES;
				CLANG_WARN_BLOCK_CAPTURE_AUTORELEASING = YES;
				CLANG_WARN_BOOL_CONVERSION = YES;
				CLANG_WARN_COMMA = YES;
				CLANG_WARN_CONSTANT_CONVERSION = YES;
				CLANG_WARN_DEPRECATED_OBJC_IMPLEMENTATIONS = YES;
				CLANG_WARN_DIRECT_OBJC_ISA_USAGE = YES_ERROR;
				CLANG_WARN_DOCUMENTATION_COMMENTS = YES;
				CLANG_WARN_EMPTY_BODY = YES;
				CLANG_WARN_ENUM_CONVERSION = YES;
				CLANG_WARN_INFINITE_RECURSION = YES;
				CLANG_WARN_INT_CONVERSION = YES;
				CLANG_WARN_NON_LITERAL_NULL_CONVERSION = YES;
				CLANG_WARN_OBJC_IMPLICIT_RETAIN_SELF = YES;
				CLANG_WARN_OBJC_LITERAL_CONVERSION = YES;
				CLANG_WARN_OBJC_ROOT_CLASS = YES_ERROR;
				CLANG_WARN_QUOTED_INCLUDE_IN_FRAMEWORK_HEADER = YES;
				CLANG_WARN_RANGE_LOOP_ANALYSIS = YES;
				CLANG_WARN_STRICT_PROTOTYPES = YES;
				CLANG_WARN_SUSPICIOUS_MOVE = YES;
				CLANG_WARN_UNGUARDED_AVAILABILITY = YES_AGGRESSIVE;
				CLANG_WARN_UNREACHABLE_CODE = YES;
				CLANG_WARN__DUPLICATE_METHOD_MATCH = YES;
				COPY_PHASE_STRIP = NO;
				DEBUG_INFORMATION_FORMAT = "dwarf-with-dsym";
				ENABLE_NS_ASSERTIONS = NO;
				ENABLE_STRICT_OBJC_MSGSEND = YES;
				ENABLE_USER_SCRIPT_SANDBOXING = NO;
				GCC_C_LANGUAGE_STANDARD = gnu17;
				GCC_NO_COMMON_BLOCKS = YES;
				GCC_WARN_64_TO_32_BIT_CONVERSION = YES;
				GCC_WARN_ABOUT_RETURN_TYPE = YES_ERROR;
				GCC_WARN_UNDECLARED_SELECTOR = YES;
				GCC_WARN_UNINITIALIZED_AUTOS = YES_AGGRESSIVE;
				GCC_WARN_UNUSED_FUNCTION = YES;
				GCC_WARN_UNUSED_VARIABLE = YES;
				IPHONEOS_DEPLOYMENT_TARGET = 17.2;
				LOCALIZATION_PREFERS_STRING_CATALOGS = YES;
				MTL_ENABLE_DEBUG_INFO = NO;
				MTL_FAST_MATH = YES;
				SDKROOT = iphoneos;
				SWIFT_COMPILATION_MODE = wholemodule;
				VALIDATE_PRODUCT = YES;
			};
			name = Release;
		};
		B52DE19D2C3283BD00450C00 /* Debug */ = {
			isa = XCBuildConfiguration;
			baseConfigurationReference = 2BEBBA09F6425D876A7AFA5C /* Pods-RxSwiftNetworkTest.debug.xcconfig */;
			buildSettings = {
				ASSETCATALOG_COMPILER_APPICON_NAME = AppIcon;
				ASSETCATALOG_COMPILER_GLOBAL_ACCENT_COLOR_NAME = AccentColor;
				CODE_SIGN_STYLE = Automatic;
				CURRENT_PROJECT_VERSION = 1;
				DEVELOPMENT_TEAM = M82N55553U;
				GENERATE_INFOPLIST_FILE = YES;
				INFOPLIST_FILE = RxSwiftNetworkTest/Info.plist;
				INFOPLIST_KEY_UIApplicationSupportsIndirectInputEvents = YES;
				INFOPLIST_KEY_UILaunchStoryboardName = LaunchScreen;
				INFOPLIST_KEY_UIMainStoryboardFile = Main;
				INFOPLIST_KEY_UISupportedInterfaceOrientations_iPad = "UIInterfaceOrientationPortrait UIInterfaceOrientationPortraitUpsideDown UIInterfaceOrientationLandscapeLeft UIInterfaceOrientationLandscapeRight";
				INFOPLIST_KEY_UISupportedInterfaceOrientations_iPhone = "UIInterfaceOrientationPortrait UIInterfaceOrientationLandscapeLeft UIInterfaceOrientationLandscapeRight";
				LD_RUNPATH_SEARCH_PATHS = (
					"$(inherited)",
					"@executable_path/Frameworks",
				);
				MARKETING_VERSION = 1.0;
				PRODUCT_BUNDLE_IDENTIFIER = minjae.RxSwiftNetworkTest;
				PRODUCT_NAME = "$(TARGET_NAME)";
				SWIFT_EMIT_LOC_STRINGS = YES;
				SWIFT_VERSION = 5.0;
				TARGETED_DEVICE_FAMILY = "1,2";
			};
			name = Debug;
		};
		B52DE19E2C3283BD00450C00 /* Release */ = {
			isa = XCBuildConfiguration;
			baseConfigurationReference = 0272618041FA2EBA9D85733C /* Pods-RxSwiftNetworkTest.release.xcconfig */;
			buildSettings = {
				ASSETCATALOG_COMPILER_APPICON_NAME = AppIcon;
				ASSETCATALOG_COMPILER_GLOBAL_ACCENT_COLOR_NAME = AccentColor;
				CODE_SIGN_STYLE = Automatic;
				CURRENT_PROJECT_VERSION = 1;
				DEVELOPMENT_TEAM = M82N55553U;
				GENERATE_INFOPLIST_FILE = YES;
				INFOPLIST_FILE = RxSwiftNetworkTest/Info.plist;
				INFOPLIST_KEY_UIApplicationSupportsIndirectInputEvents = YES;
				INFOPLIST_KEY_UILaunchStoryboardName = LaunchScreen;
				INFOPLIST_KEY_UIMainStoryboardFile = Main;
				INFOPLIST_KEY_UISupportedInterfaceOrientations_iPad = "UIInterfaceOrientationPortrait UIInterfaceOrientationPortraitUpsideDown UIInterfaceOrientationLandscapeLeft UIInterfaceOrientationLandscapeRight";
				INFOPLIST_KEY_UISupportedInterfaceOrientations_iPhone = "UIInterfaceOrientationPortrait UIInterfaceOrientationLandscapeLeft UIInterfaceOrientationLandscapeRight";
				LD_RUNPATH_SEARCH_PATHS = (
					"$(inherited)",
					"@executable_path/Frameworks",
				);
				MARKETING_VERSION = 1.0;
				PRODUCT_BUNDLE_IDENTIFIER = minjae.RxSwiftNetworkTest;
				PRODUCT_NAME = "$(TARGET_NAME)";
				SWIFT_EMIT_LOC_STRINGS = YES;
				SWIFT_VERSION = 5.0;
				TARGETED_DEVICE_FAMILY = "1,2";
			};
			name = Release;
		};
		B52DE1A02C3283BD00450C00 /* Debug */ = {
			isa = XCBuildConfiguration;
			baseConfigurationReference = 8198C7C51EE1D634D196B6EA /* Pods-RxSwiftNetworkTestTests.debug.xcconfig */;
			buildSettings = {
				ALWAYS_EMBED_SWIFT_STANDARD_LIBRARIES = YES;
				BUNDLE_LOADER = "$(TEST_HOST)";
				CODE_SIGN_STYLE = Automatic;
				CURRENT_PROJECT_VERSION = 1;
				DEVELOPMENT_TEAM = M82N55553U;
				GENERATE_INFOPLIST_FILE = YES;
				IPHONEOS_DEPLOYMENT_TARGET = 17.2;
				MARKETING_VERSION = 1.0;
				PRODUCT_BUNDLE_IDENTIFIER = minjae.RxSwiftNetworkTestTests;
				PRODUCT_NAME = "$(TARGET_NAME)";
				SWIFT_EMIT_LOC_STRINGS = NO;
				SWIFT_VERSION = 5.0;
				TARGETED_DEVICE_FAMILY = "1,2";
				TEST_HOST = "$(BUILT_PRODUCTS_DIR)/RxSwiftNetworkTest.app/$(BUNDLE_EXECUTABLE_FOLDER_PATH)/RxSwiftNetworkTest";
			};
			name = Debug;
		};
		B52DE1A12C3283BD00450C00 /* Release */ = {
			isa = XCBuildConfiguration;
			baseConfigurationReference = 634E99E12561C6C29AC3DC31 /* Pods-RxSwiftNetworkTestTests.release.xcconfig */;
			buildSettings = {
				ALWAYS_EMBED_SWIFT_STANDARD_LIBRARIES = YES;
				BUNDLE_LOADER = "$(TEST_HOST)";
				CODE_SIGN_STYLE = Automatic;
				CURRENT_PROJECT_VERSION = 1;
				DEVELOPMENT_TEAM = M82N55553U;
				GENERATE_INFOPLIST_FILE = YES;
				IPHONEOS_DEPLOYMENT_TARGET = 17.2;
				MARKETING_VERSION = 1.0;
				PRODUCT_BUNDLE_IDENTIFIER = minjae.RxSwiftNetworkTestTests;
				PRODUCT_NAME = "$(TARGET_NAME)";
				SWIFT_EMIT_LOC_STRINGS = NO;
				SWIFT_VERSION = 5.0;
				TARGETED_DEVICE_FAMILY = "1,2";
				TEST_HOST = "$(BUILT_PRODUCTS_DIR)/RxSwiftNetworkTest.app/$(BUNDLE_EXECUTABLE_FOLDER_PATH)/RxSwiftNetworkTest";
			};
			name = Release;
		};
		B52DE1A32C3283BD00450C00 /* Debug */ = {
			isa = XCBuildConfiguration;
			baseConfigurationReference = 2DEFBC1F460C96AB9796ABAE /* Pods-RxSwiftNetworkTest-RxSwiftNetworkTestUITests.debug.xcconfig */;
			buildSettings = {
				ALWAYS_EMBED_SWIFT_STANDARD_LIBRARIES = YES;
				CODE_SIGN_STYLE = Automatic;
				CURRENT_PROJECT_VERSION = 1;
				DEVELOPMENT_TEAM = M82N55553U;
				GENERATE_INFOPLIST_FILE = YES;
				MARKETING_VERSION = 1.0;
				PRODUCT_BUNDLE_IDENTIFIER = minjae.RxSwiftNetworkTestUITests;
				PRODUCT_NAME = "$(TARGET_NAME)";
				SWIFT_EMIT_LOC_STRINGS = NO;
				SWIFT_VERSION = 5.0;
				TARGETED_DEVICE_FAMILY = "1,2";
				TEST_TARGET_NAME = RxSwiftNetworkTest;
			};
			name = Debug;
		};
		B52DE1A42C3283BD00450C00 /* Release */ = {
			isa = XCBuildConfiguration;
			baseConfigurationReference = AFD41067D00843B82887D774 /* Pods-RxSwiftNetworkTest-RxSwiftNetworkTestUITests.release.xcconfig */;
			buildSettings = {
				ALWAYS_EMBED_SWIFT_STANDARD_LIBRARIES = YES;
				CODE_SIGN_STYLE = Automatic;
				CURRENT_PROJECT_VERSION = 1;
				DEVELOPMENT_TEAM = M82N55553U;
				GENERATE_INFOPLIST_FILE = YES;
				MARKETING_VERSION = 1.0;
				PRODUCT_BUNDLE_IDENTIFIER = minjae.RxSwiftNetworkTestUITests;
				PRODUCT_NAME = "$(TARGET_NAME)";
				SWIFT_EMIT_LOC_STRINGS = NO;
				SWIFT_VERSION = 5.0;
				TARGETED_DEVICE_FAMILY = "1,2";
				TEST_TARGET_NAME = RxSwiftNetworkTest;
			};
			name = Release;
		};
/* End XCBuildConfiguration section */

/* Begin XCConfigurationList section */
		B52DE16D2C3283B900450C00 /* Build configuration list for PBXProject "RxSwiftNetworkTest" */ = {
			isa = XCConfigurationList;
			buildConfigurations = (
				B52DE19A2C3283BD00450C00 /* Debug */,
				B52DE19B2C3283BD00450C00 /* Release */,
			);
			defaultConfigurationIsVisible = 0;
			defaultConfigurationName = Release;
		};
		B52DE19C2C3283BD00450C00 /* Build configuration list for PBXNativeTarget "RxSwiftNetworkTest" */ = {
			isa = XCConfigurationList;
			buildConfigurations = (
				B52DE19D2C3283BD00450C00 /* Debug */,
				B52DE19E2C3283BD00450C00 /* Release */,
			);
			defaultConfigurationIsVisible = 0;
			defaultConfigurationName = Release;
		};
		B52DE19F2C3283BD00450C00 /* Build configuration list for PBXNativeTarget "RxSwiftNetworkTestTests" */ = {
			isa = XCConfigurationList;
			buildConfigurations = (
				B52DE1A02C3283BD00450C00 /* Debug */,
				B52DE1A12C3283BD00450C00 /* Release */,
			);
			defaultConfigurationIsVisible = 0;
			defaultConfigurationName = Release;
		};
		B52DE1A22C3283BD00450C00 /* Build configuration list for PBXNativeTarget "RxSwiftNetworkTestUITests" */ = {
			isa = XCConfigurationList;
			buildConfigurations = (
				B52DE1A32C3283BD00450C00 /* Debug */,
				B52DE1A42C3283BD00450C00 /* Release */,
			);
			defaultConfigurationIsVisible = 0;
			defaultConfigurationName = Release;
		};
/* End XCConfigurationList section */
	};
	rootObject = B52DE16A2C3283B900450C00 /* Project object */;
}
